
Microsoft Visual Studio Solution File, Format Version 12.00
# Visual Studio Version 17
VisualStudioVersion = 17.9.34723.18
MinimumVisualStudioVersion = 10.0.40219.1
Project("{FAE04EC0-301F-11D3-BF4B-00C04F79EFBC}") = "Liskov Substitution Principle", "Liskov Substitution Principle\Liskov Substitution Principle.csproj", "{77681E76-D0A4-403F-92B5-88D2D55B015C}"
EndProject
Global
	GlobalSection(SolutionConfigurationPlatforms) = preSolution
		Debug|Any CPU = Debug|Any CPU
		Release|Any CPU = Release|Any CPU
	EndGlobalSection
	GlobalSection(ProjectConfigurationPlatforms) = postSolution
		{77681E76-D0A4-403F-92B5-88D2D55B015C}.Debug|Any CPU.ActiveCfg = Debug|Any CPU
		{77681E76-D0A4-403F-92B5-88D2D55B015C}.Debug|Any CPU.Build.0 = Debug|Any CPU
		{77681E76-D0A4-403F-92B5-88D2D55B015C}.Release|Any CPU.ActiveCfg = Release|Any CPU
		{77681E76-D0A4-403F-92B5-88D2D55B015C}.Release|Any CPU.Build.0 = Release|Any CPU
	EndGlobalSection
	GlobalSection(SolutionProperties) = preSolution
		HideSolutionNode = FALSE
	EndGlobalSection
	GlobalSection(ExtensibilityGlobals) = postSolution
		SolutionGuid = {6503D41D-3808-4B38-95F8-8D71BC13CE1B}
	EndGlobalSection
EndGlobal
